Microsoft Visual Studio Solution File, Format Version 12.00
# Visual Studio Version 17
VisualStudioVersion = 17.5.2.0
MinimumVisualStudioVersion = 10.0.40219.1
Project("{FAE04EC0-301F-11D3-BF4B-00C04F79EFBC}") = "ScreenSound.Shared.Modelos", "ScreenSound.Shared.Modelos.csproj", "{F302CC19-4540-9A95-8C21-ECAF55ACCFBB}"
EndProject
Global
	GlobalSection(SolutionConfigurationPlatforms) = preSolution
		Debug|Any CPU = Debug|Any CPU
		Release|Any CPU = Release|Any CPU
	EndGlobalSection
	GlobalSection(ProjectConfigurationPlatforms) = postSolution
		{F302CC19-4540-9A95-8C21-ECAF55ACCFBB}.Debug|Any CPU.ActiveCfg = Debug|Any CPU
		{F302CC19-4540-9A95-8C21-ECAF55ACCFBB}.Debug|Any CPU.Build.0 = Debug|Any CPU
		{F302CC19-4540-9A95-8C21-ECAF55ACCFBB}.Release|Any CPU.ActiveCfg = Release|Any CPU
		{F302CC19-4540-9A95-8C21-ECAF55ACCFBB}.Release|Any CPU.Build.0 = Release|Any CPU
	EndGlobalSection
	GlobalSection(SolutionProperties) = preSolution
		HideSolutionNode = FALSE
	EndGlobalSection
	GlobalSection(ExtensibilityGlobals) = postSolution
		SolutionGuid = {C68888B5-181A-4922-81E6-81DE4B5AD3FE}
	EndGlobalSection
EndGlobal
